Microsoft Visual Studio Solution File, Format Version 12.00
# Visual Studio Version 17
VisualStudioVersion = 17.5.2.0
MinimumVisualStudioVersion = 10.0.40219.1
Project("{FAE04EC0-301F-11D3-BF4B-00C04F79EFBC}") = "nameAddress", "nameAddress.csproj", "{7006D6F6-11B9-A372-F1D2-B9D3683683AE}"
EndProject
Global
	GlobalSection(SolutionConfigurationPlatforms) = preSolution
		Debug|Any CPU = Debug|Any CPU
		Release|Any CPU = Release|Any CPU
	EndGlobalSection
	GlobalSection(ProjectConfigurationPlatforms) = postSolution
		{7006D6F6-11B9-A372-F1D2-B9D3683683AE}.Debug|Any CPU.ActiveCfg = Debug|Any CPU
		{7006D6F6-11B9-A372-F1D2-B9D3683683AE}.Debug|Any CPU.Build.0 = Debug|Any CPU
		{7006D6F6-11B9-A372-F1D2-B9D3683683AE}.Release|Any CPU.ActiveCfg = Release|Any CPU
		{7006D6F6-11B9-A372-F1D2-B9D3683683AE}.Release|Any CPU.Build.0 = Release|Any CPU
	EndGlobalSection
	GlobalSection(SolutionProperties) = preSolution
		HideSolutionNode = FALSE
	EndGlobalSection
	GlobalSection(ExtensibilityGlobals) = postSolution
		SolutionGuid = {7D286F03-F42E-4980-892C-9E00D0C49B99}
	EndGlobalSection
EndGlobal
